<?xml version="1.0" encoding="utf-8"?>
<Project ToolsVersion="4.0" xmlns="http://schemas.microsoft.com/developer/msbuild/2003">
  <ItemGroup>
    <Filter Include="Source Files">
      <UniqueIdentifier>{4FC737F1-C7A5-4376-A066-2A32D752A2FF}</UniqueIdentifier>
      <Extensions>cpp;c;cc;cxx;def;odl;idl;hpj;bat;asm;asmx</Extensions>
    </Filter>
    <Filter Include="Header Files">
      <UniqueIdentifier>{93995380-89BD-4b04-88EB-625FBE52EBFB}</UniqueIdentifier>
      <Extensions>h;hh;hpp;hxx;hm;inl;inc;xsd</Extensions>
    </Filter>
    <Filter Include="Resource Files">
      <UniqueIdentifier>{67DA6AB6-F800-4c08-8B7A-83BB121AAD01}</UniqueIdentifier>
      <Extensions>rc;ico;cur;bmp;dlg;rc2;rct;bin;rgs;gif;jpg;jpeg;jpe;resx;tiff;tif;png;wav;mfcribbon-ms</Extensions>
    </Filter>
    <Filter Include="Resource Files">
      <UniqueIdentifier>{D9D6E242-F8AF-46E4-B9FD-80ECBC20BA3E}</UniqueIdentifier>
      <Extensions>qrc;*</Extensions>
      <ParseFiles>false</ParseFiles>
    </Filter>
    <Filter Include="socket">
      <UniqueIdentifier>{c2bc96cb-c08e-41ee-b35c-e740cc552d8e}</UniqueIdentifier>
    </Filter>
    <Filter Include="socket\event">
      <UniqueIdentifier>{c8897350-faf1-4a72-be72-97edc7912e6e}</UniqueIdentifier>
    </Filter>
    <Filter Include="socket\include">
      <UniqueIdentifier>{1eff89e8-367a-4daf-81e3-90a05c67d00b}</UniqueIdentifier>
    </Filter>
    <Filter Include="socket\tcp">
      <UniqueIdentifier>{24950b91-1a37-4e3b-a81c-316fa7a27cdc}</UniqueIdentifier>
    </Filter>
    <Filter Include="socket\tcp\server">
      <UniqueIdentifier>{09c2126d-230c-42cf-b149-4c32c68fec35}</UniqueIdentifier>
    </Filter>
  </ItemGroup>
  <ItemGroup>
    <ClCompile Include="main.cpp">
      <Filter>Source Files</Filter>
    </ClCompile>
    <ClCompile Include="source\socket\tcp_server.cc">
      <Filter>socket\tcp\server</Filter>
    </ClCompile>
    <ClCompile Include="source\socket\tcp_listen.cc">
      <Filter>socket\tcp\server</Filter>
    </ClCompile>
    <ClCompile Include="source\socket\tcp_server_service.cc">
      <Filter>socket\tcp\server</Filter>
    </ClCompile>
    <ClCompile Include="source\socket\tcp_socket.cc">
      <Filter>socket\tcp\server</Filter>
    </ClCompile>
    <ClCompile Include="source\socket\tcp_session.cc">
      <Filter>socket\tcp\server</Filter>
    </ClCompile>
    <ClCompile Include="source\socket\event\tcp_thread_pool.cc">
      <Filter>socket\event</Filter>
    </ClCompile>
    <ClCompile Include="source\socket\event\tcp_thread.cc">
      <Filter>socket\event</Filter>
    </ClCompile>
  </ItemGroup>
  <ItemGroup>
    <QtMoc Include="source\socket\include\tcp_server.h">
      <Filter>socket\tcp\server</Filter>
    </QtMoc>
    <QtMoc Include="source\socket\include\tcp_listen.h">
      <Filter>socket\tcp\server</Filter>
    </QtMoc>
    <QtMoc Include="source\socket\include\tcp_server_service.h">
      <Filter>socket\tcp\server</Filter>
    </QtMoc>
    <QtMoc Include="source\socket\include\tcp_session.h">
      <Filter>socket\tcp\server</Filter>
    </QtMoc>
    <QtMoc Include="source\socket\include\tcp_thread_pool.h">
      <Filter>socket\include</Filter>
    </QtMoc>
    <QtMoc Include="source\socket\include\tcp_thread.h">
      <Filter>socket\include</Filter>
    </QtMoc>
  </ItemGroup>
  <ItemGroup>
    <ClInclude Include="source\socket\include\tcp_untlity.h">
      <Filter>socket\include</Filter>
    </ClInclude>
    <ClInclude Include="source\socket\include\tcp_socket.h">
      <Filter>socket\tcp\server</Filter>
    </ClInclude>
    <ClInclude Include="source\socket\include\event_stdint.h">
      <Filter>socket\event</Filter>
    </ClInclude>
    <ClInclude Include="source\socket\include\event_config.h">
      <Filter>socket\event</Filter>
    </ClInclude>
    <ClInclude Include="source\socket\include\event_arch.h">
      <Filter>socket\event</Filter>
    </ClInclude>
    <ClInclude Include="source\socket\include\event_platform.h">
      <Filter>socket\event</Filter>
    </ClInclude>
  </ItemGroup>
</Project>